
Microsoft Visual Studio Solution File, Format Version 12.00
# Visual Studio Version 16
VisualStudioVersion = 16.0.31205.134
MinimumVisualStudioVersion = 10.0.40219.1
Project("{9A19103F-16F7-4668-BE54-9A1E7A4F7556}") = "ClassTestApp", "ClassTestApp\ClassTestApp.csproj", "{66092E95-6573-4C80-B9E2-371A0B390924}"
EndProject
Project("{9A19103F-16F7-4668-BE54-9A1E7A4F7556}") = "InterfaceTestApp", "InterfaceTestApp\InterfaceTestApp.csproj", "{F27C1385-54A5-4B64-BEF1-B6291B19A42D}"
EndProject
Project("{9A19103F-16F7-4668-BE54-9A1E7A4F7556}") = "UsingInterfaceTestApp", "UsingInterfaceTestApp\UsingInterfaceTestApp.csproj", "{61569140-EBB4-46F3-8BEC-25CA1B266070}"
EndProject
Project("{9A19103F-16F7-4668-BE54-9A1E7A4F7556}") = "AbstractClassTestApp", "AbstractClassTestApp\AbstractClassTestApp.csproj", "{B3DDD3DE-C609-4DA8-BA7B-A6994DDBBFA6}"
EndProject
Project("{9A19103F-16F7-4668-BE54-9A1E7A4F7556}") = "PropertyTestApp", "PropertyTestApp\PropertyTestApp.csproj", "{90BA130B-3658-4A47-9596-F141E017AB31}"
EndProject
Project("{9A19103F-16F7-4668-BE54-9A1E7A4F7556}") = "ArrayTestApp", "ArrayTestApp\ArrayTestApp.csproj", "{D8039F6A-F7B7-4BDF-9281-962AF4152A5A}"
EndProject
Project("{9A19103F-16F7-4668-BE54-9A1E7A4F7556}") = "ArrayClassTestApp", "ArrayClassTestApp\ArrayClassTestApp.csproj", "{D58FC79D-31EA-47F0-949F-4C4CBC06F58C}"
EndProject
Project("{9A19103F-16F7-4668-BE54-9A1E7A4F7556}") = "CollectionTestApp", "CollectionTestApp\CollectionTestApp.csproj", "{046DA012-F44D-4BC2-8005-0A63F9BD6E7F}"
EndProject
Project("{9A19103F-16F7-4668-BE54-9A1E7A4F7556}") = "QueueTestApp", "QueueTestApp\QueueTestApp.csproj", "{2BA65133-9A44-4828-9C5E-836AB4DBD92A}"
EndProject
Project("{9A19103F-16F7-4668-BE54-9A1E7A4F7556}") = "StackTestApp", "StackTestApp\StackTestApp.csproj", "{E52A1D29-2479-4094-9C19-BF8F39439672}"
EndProject
Project("{9A19103F-16F7-4668-BE54-9A1E7A4F7556}") = "IndexerTestApp", "IndexerTestApp\IndexerTestApp.csproj", "{E3B2D340-78F4-4B35-8B2F-C7286EB23599}"
EndProject
Project("{9A19103F-16F7-4668-BE54-9A1E7A4F7556}") = "GenericTestApp", "GenericTestApp\GenericTestApp.csproj", "{AA95AF07-A329-4ABB-ACFA-8F61A805906D}"
EndProject
Project("{9A19103F-16F7-4668-BE54-9A1E7A4F7556}") = "GenericCollectionApp", "GenericCollectionApp\GenericCollectionApp.csproj", "{D518F28C-05E7-4F6B-93C2-14CEEB477A0C}"
EndProject
Project("{9A19103F-16F7-4668-BE54-9A1E7A4F7556}") = "ExceptionTestApp", "ExceptionTestApp\ExceptionTestApp.csproj", "{BC9D9236-6A12-47C1-8458-35BE3529DE2F}"
EndProject
Project("{9A19103F-16F7-4668-BE54-9A1E7A4F7556}") = "DelegateTestApp", "DelegateTestApp\DelegateTestApp.csproj", "{9FCF0E28-40C4-47A9-AB3D-FE2AD4388142}"
EndProject
Project("{9A19103F-16F7-4668-BE54-9A1E7A4F7556}") = "DelegateChainApp", "DelegateChainApp\DelegateChainApp.csproj", "{11351867-CBEC-497F-896C-17B7DA3310FF}"
EndProject
Project("{9A19103F-16F7-4668-BE54-9A1E7A4F7556}") = "EventHandlerTestApp", "EventHandlerTestApp\EventHandlerTestApp.csproj", "{9834181C-17CD-42CD-AA7A-752D6E25C2C6}"
EndProject
Project("{9A19103F-16F7-4668-BE54-9A1E7A4F7556}") = "EventHandlerCheckApp", "EventHandlerCheckApp\EventHandlerCheckApp.csproj", "{EC9428B3-D4D3-4878-8D57-4D13DF6B9C9B}"
EndProject
Project("{FAE04EC0-301F-11D3-BF4B-00C04F79EFBC}") = "LambdaTestApp", "LambdaTestApp\LambdaTestApp.csproj", "{F6BAA690-26F8-4913-8244-8FB2838D3583}"
EndProject
Project("{FAE04EC0-301F-11D3-BF4B-00C04F79EFBC}") = "LinqTestApp", "LinqTestApp\LinqTestApp.csproj", "{08AFF7C8-3A5F-49A6-8547-DACF0DE2CF95}"
EndProject
Project("{FAE04EC0-301F-11D3-BF4B-00C04F79EFBC}") = "ReflectionTestApp", "ReflectionTestApp\ReflectionTestApp.csproj", "{4760902D-8A91-4516-AADF-8FE8D164666C}"
EndProject
Project("{FAE04EC0-301F-11D3-BF4B-00C04F79EFBC}") = "DynCreationTestApp", "DynCreationTestApp\DynCreationTestApp.csproj", "{46AD6AA5-8B28-4897-B6F1-3628134C1A5F}"
EndProject
Project("{FAE04EC0-301F-11D3-BF4B-00C04F79EFBC}") = "AttributeTestApp", "AttributeTestApp\AttributeTestApp.csproj", "{44425C28-8510-45A6-B2DD-40B22FB5C29C}"
EndProject
Project("{FAE04EC0-301F-11D3-BF4B-00C04F79EFBC}") = "CalcUnitTest", "CalcUnitTest\CalcUnitTest.csproj", "{84159F06-32BA-48B3-84B7-F95604678B2C}"
EndProject
Project("{FAE04EC0-301F-11D3-BF4B-00C04F79EFBC}") = "FileDirectoryTestApp", "FileDirectoryTestApp\FileDirectoryTestApp.csproj", "{078373E4-9666-4F4D-B7C8-D8DFC8FA138B}"
EndProject
Project("{FAE04EC0-301F-11D3-BF4B-00C04F79EFBC}") = "FileReadingTestApp", "FileReadingTestApp\FileReadingTestApp.csproj", "{51292354-B617-4E95-9721-CE57DB5AF1AD}"
EndProject
Project("{FAE04EC0-301F-11D3-BF4B-00C04F79EFBC}") = "NLoggerTestApp", "NLoggerTestApp\NLoggerTestApp.csproj", "{0B9B1977-87F4-45E7-A760-CC5FDEBA39AE}"
EndProject
Global
	GlobalSection(SolutionConfigurationPlatforms) = preSolution
		Debug|Any CPU = Debug|Any CPU
		Release|Any CPU = Release|Any CPU
	EndGlobalSection
	GlobalSection(ProjectConfigurationPlatforms) = postSolution
		{66092E95-6573-4C80-B9E2-371A0B390924}.Debug|Any CPU.ActiveCfg = Debug|Any CPU
		{66092E95-6573-4C80-B9E2-371A0B390924}.Debug|Any CPU.Build.0 = Debug|Any CPU
		{66092E95-6573-4C80-B9E2-371A0B390924}.Release|Any CPU.ActiveCfg = Release|Any CPU
		{66092E95-6573-4C80-B9E2-371A0B390924}.Release|Any CPU.Build.0 = Release|Any CPU
		{F27C1385-54A5-4B64-BEF1-B6291B19A42D}.Debug|Any CPU.ActiveCfg = Debug|Any CPU
		{F27C1385-54A5-4B64-BEF1-B6291B19A42D}.Debug|Any CPU.Build.0 = Debug|Any CPU
		{F27C1385-54A5-4B64-BEF1-B6291B19A42D}.Release|Any CPU.ActiveCfg = Release|Any CPU
		{F27C1385-54A5-4B64-BEF1-B6291B19A42D}.Release|Any CPU.Build.0 = Release|Any CPU
		{61569140-EBB4-46F3-8BEC-25CA1B266070}.Debug|Any CPU.ActiveCfg = Debug|Any CPU
		{61569140-EBB4-46F3-8BEC-25CA1B266070}.Debug|Any CPU.Build.0 = Debug|Any CPU
		{61569140-EBB4-46F3-8BEC-25CA1B266070}.Release|Any CPU.ActiveCfg = Release|Any CPU
		{61569140-EBB4-46F3-8BEC-25CA1B266070}.Release|Any CPU.Build.0 = Release|Any CPU
		{B3DDD3DE-C609-4DA8-BA7B-A6994DDBBFA6}.Debug|Any CPU.ActiveCfg = Debug|Any CPU
		{B3DDD3DE-C609-4DA8-BA7B-A6994DDBBFA6}.Debug|Any CPU.Build.0 = Debug|Any CPU
		{B3DDD3DE-C609-4DA8-BA7B-A6994DDBBFA6}.Release|Any CPU.ActiveCfg = Release|Any CPU
		{B3DDD3DE-C609-4DA8-BA7B-A6994DDBBFA6}.Release|Any CPU.Build.0 = Release|Any CPU
		{90BA130B-3658-4A47-9596-F141E017AB31}.Debug|Any CPU.ActiveCfg = Debug|Any CPU
		{90BA130B-3658-4A47-9596-F141E017AB31}.Debug|Any CPU.Build.0 = Debug|Any CPU
		{90BA130B-3658-4A47-9596-F141E017AB31}.Release|Any CPU.ActiveCfg = Release|Any CPU
		{90BA130B-3658-4A47-9596-F141E017AB31}.Release|Any CPU.Build.0 = Release|Any CPU
		{D8039F6A-F7B7-4BDF-9281-962AF4152A5A}.Debug|Any CPU.ActiveCfg = Debug|Any CPU
		{D8039F6A-F7B7-4BDF-9281-962AF4152A5A}.Debug|Any CPU.Build.0 = Debug|Any CPU
		{D8039F6A-F7B7-4BDF-9281-962AF4152A5A}.Release|Any CPU.ActiveCfg = Release|Any CPU
		{D8039F6A-F7B7-4BDF-9281-962AF4152A5A}.Release|Any CPU.Build.0 = Release|Any CPU
		{D58FC79D-31EA-47F0-949F-4C4CBC06F58C}.Debug|Any CPU.ActiveCfg = Debug|Any CPU
		{D58FC79D-31EA-47F0-949F-4C4CBC06F58C}.Debug|Any CPU.Build.0 = Debug|Any CPU
		{D58FC79D-31EA-47F0-949F-4C4CBC06F58C}.Release|Any CPU.ActiveCfg = Release|Any CPU
		{D58FC79D-31EA-47F0-949F-4C4CBC06F58C}.Release|Any CPU.Build.0 = Release|Any CPU
		{046DA012-F44D-4BC2-8005-0A63F9BD6E7F}.Debug|Any CPU.ActiveCfg = Debug|Any CPU
		{046DA012-F44D-4BC2-8005-0A63F9BD6E7F}.Debug|Any CPU.Build.0 = Debug|Any CPU
		{046DA012-F44D-4BC2-8005-0A63F9BD6E7F}.Release|Any CPU.ActiveCfg = Release|Any CPU
		{046DA012-F44D-4BC2-8005-0A63F9BD6E7F}.Release|Any CPU.Build.0 = Release|Any CPU
		{2BA65133-9A44-4828-9C5E-836AB4DBD92A}.Debug|Any CPU.ActiveCfg = Debug|Any CPU
		{2BA65133-9A44-4828-9C5E-836AB4DBD92A}.Debug|Any CPU.Build.0 = Debug|Any CPU
		{2BA65133-9A44-4828-9C5E-836AB4DBD92A}.Release|Any CPU.ActiveCfg = Release|Any CPU
		{2BA65133-9A44-4828-9C5E-836AB4DBD92A}.Release|Any CPU.Build.0 = Release|Any CPU
		{E52A1D29-2479-4094-9C19-BF8F39439672}.Debug|Any CPU.ActiveCfg = Debug|Any CPU
		{E52A1D29-2479-4094-9C19-BF8F39439672}.Debug|Any CPU.Build.0 = Debug|Any CPU
		{E52A1D29-2479-4094-9C19-BF8F39439672}.Release|Any CPU.ActiveCfg = Release|Any CPU
		{E52A1D29-2479-4094-9C19-BF8F39439672}.Release|Any CPU.Build.0 = Release|Any CPU
		{E3B2D340-78F4-4B35-8B2F-C7286EB23599}.Debug|Any CPU.ActiveCfg = Debug|Any CPU
		{E3B2D340-78F4-4B35-8B2F-C7286EB23599}.Debug|Any CPU.Build.0 = Debug|Any CPU
		{E3B2D340-78F4-4B35-8B2F-C7286EB23599}.Release|Any CPU.ActiveCfg = Release|Any CPU
		{E3B2D340-78F4-4B35-8B2F-C7286EB23599}.Release|Any CPU.Build.0 = Release|Any CPU
		{AA95AF07-A329-4ABB-ACFA-8F61A805906D}.Debug|Any CPU.ActiveCfg = Debug|Any CPU
		{AA95AF07-A329-4ABB-ACFA-8F61A805906D}.Debug|Any CPU.Build.0 = Debug|Any CPU
		{AA95AF07-A329-4ABB-ACFA-8F61A805906D}.Release|Any CPU.ActiveCfg = Release|Any CPU
		{AA95AF07-A329-4ABB-ACFA-8F61A805906D}.Release|Any CPU.Build.0 = Release|Any CPU
		{D518F28C-05E7-4F6B-93C2-14CEEB477A0C}.Debug|Any CPU.ActiveCfg = Debug|Any CPU
		{D518F28C-05E7-4F6B-93C2-14CEEB477A0C}.Debug|Any CPU.Build.0 = Debug|Any CPU
		{D518F28C-05E7-4F6B-93C2-14CEEB477A0C}.Release|Any CPU.ActiveCfg = Release|Any CPU
		{D518F28C-05E7-4F6B-93C2-14CEEB477A0C}.Release|Any CPU.Build.0 = Release|Any CPU
		{BC9D9236-6A12-47C1-8458-35BE3529DE2F}.Debug|Any CPU.ActiveCfg = Debug|Any CPU
		{BC9D9236-6A12-47C1-8458-35BE3529DE2F}.Debug|Any CPU.Build.0 = Debug|Any CPU
		{BC9D9236-6A12-47C1-8458-35BE3529DE2F}.Release|Any CPU.ActiveCfg = Release|Any CPU
		{BC9D9236-6A12-47C1-8458-35BE3529DE2F}.Release|Any CPU.Build.0 = Release|Any CPU
		{9FCF0E28-40C4-47A9-AB3D-FE2AD4388142}.Debug|Any CPU.ActiveCfg = Debug|Any CPU
		{9FCF0E28-40C4-47A9-AB3D-FE2AD4388142}.Debug|Any CPU.Build.0 = Debug|Any CPU
		{9FCF0E28-40C4-47A9-AB3D-FE2AD4388142}.Release|Any CPU.ActiveCfg = Release|Any CPU
		{9FCF0E28-40C4-47A9-AB3D-FE2AD4388142}.Release|Any CPU.Build.0 = Release|Any CPU
		{11351867-CBEC-497F-896C-17B7DA3310FF}.Debug|Any CPU.ActiveCfg = Debug|Any CPU
		{11351867-CBEC-497F-896C-17B7DA3310FF}.Debug|Any CPU.Build.0 = Debug|Any CPU
		{11351867-CBEC-497F-896C-17B7DA3310FF}.Release|Any CPU.ActiveCfg = Release|Any CPU
		{11351867-CBEC-497F-896C-17B7DA3310FF}.Release|Any CPU.Build.0 = Release|Any CPU
		{9834181C-17CD-42CD-AA7A-752D6E25C2C6}.Debug|Any CPU.ActiveCfg = Debug|Any CPU
		{9834181C-17CD-42CD-AA7A-752D6E25C2C6}.Debug|Any CPU.Build.0 = Debug|Any CPU
		{9834181C-17CD-42CD-AA7A-752D6E25C2C6}.Release|Any CPU.ActiveCfg = Release|Any CPU
		{9834181C-17CD-42CD-AA7A-752D6E25C2C6}.Release|Any CPU.Build.0 = Release|Any CPU
		{EC9428B3-D4D3-4878-8D57-4D13DF6B9C9B}.Debug|Any CPU.ActiveCfg = Debug|Any CPU
		{EC9428B3-D4D3-4878-8D57-4D13DF6B9C9B}.Debug|Any CPU.Build.0 = Debug|Any CPU
		{EC9428B3-D4D3-4878-8D57-4D13DF6B9C9B}.Release|Any CPU.ActiveCfg = Release|Any CPU
		{EC9428B3-D4D3-4878-8D57-4D13DF6B9C9B}.Release|Any CPU.Build.0 = Release|Any CPU
		{F6BAA690-26F8-4913-8244-8FB2838D3583}.Debug|Any CPU.ActiveCfg = Debug|Any CPU
		{F6BAA690-26F8-4913-8244-8FB2838D3583}.Debug|Any CPU.Build.0 = Debug|Any CPU
		{F6BAA690-26F8-4913-8244-8FB2838D3583}.Release|Any CPU.ActiveCfg = Release|Any CPU
		{F6BAA690-26F8-4913-8244-8FB2838D3583}.Release|Any CPU.Build.0 = Release|Any CPU
		{08AFF7C8-3A5F-49A6-8547-DACF0DE2CF95}.Debug|Any CPU.ActiveCfg = Debug|Any CPU
		{08AFF7C8-3A5F-49A6-8547-DACF0DE2CF95}.Debug|Any CPU.Build.0 = Debug|Any CPU
		{08AFF7C8-3A5F-49A6-8547-DACF0DE2CF95}.Release|Any CPU.ActiveCfg = Release|Any CPU
		{08AFF7C8-3A5F-49A6-8547-DACF0DE2CF95}.Release|Any CPU.Build.0 = Release|Any CPU
		{4760902D-8A91-4516-AADF-8FE8D164666C}.Debug|Any CPU.ActiveCfg = Debug|Any CPU
		{4760902D-8A91-4516-AADF-8FE8D164666C}.Debug|Any CPU.Build.0 = Debug|Any CPU
		{4760902D-8A91-4516-AADF-8FE8D164666C}.Release|Any CPU.ActiveCfg = Release|Any CPU
		{4760902D-8A91-4516-AADF-8FE8D164666C}.Release|Any CPU.Build.0 = Release|Any CPU
		{46AD6AA5-8B28-4897-B6F1-3628134C1A5F}.Debug|Any CPU.ActiveCfg = Debug|Any CPU
		{46AD6AA5-8B28-4897-B6F1-3628134C1A5F}.Debug|Any CPU.Build.0 = Debug|Any CPU
		{46AD6AA5-8B28-4897-B6F1-3628134C1A5F}.Release|Any CPU.ActiveCfg = Release|Any CPU
		{46AD6AA5-8B28-4897-B6F1-3628134C1A5F}.Release|Any CPU.Build.0 = Release|Any CPU
		{44425C28-8510-45A6-B2DD-40B22FB5C29C}.Debug|Any CPU.ActiveCfg = Debug|Any CPU
		{44425C28-8510-45A6-B2DD-40B22FB5C29C}.Debug|Any CPU.Build.0 = Debug|Any CPU
		{44425C28-8510-45A6-B2DD-40B22FB5C29C}.Release|Any CPU.ActiveCfg = Release|Any CPU
		{44425C28-8510-45A6-B2DD-40B22FB5C29C}.Release|Any CPU.Build.0 = Release|Any CPU
		{84159F06-32BA-48B3-84B7-F95604678B2C}.Debug|Any CPU.ActiveCfg = Debug|Any CPU
		{84159F06-32BA-48B3-84B7-F95604678B2C}.Debug|Any CPU.Build.0 = Debug|Any CPU
		{84159F06-32BA-48B3-84B7-F95604678B2C}.Release|Any CPU.ActiveCfg = Release|Any CPU
		{84159F06-32BA-48B3-84B7-F95604678B2C}.Release|Any CPU.Build.0 = Release|Any CPU
		{078373E4-9666-4F4D-B7C8-D8DFC8FA138B}.Debug|Any CPU.ActiveCfg = Debug|Any CPU
		{078373E4-9666-4F4D-B7C8-D8DFC8FA138B}.Debug|Any CPU.Build.0 = Debug|Any CPU
		{078373E4-9666-4F4D-B7C8-D8DFC8FA138B}.Release|Any CPU.ActiveCfg = Release|Any CPU
		{078373E4-9666-4F4D-B7C8-D8DFC8FA138B}.Release|Any CPU.Build.0 = Release|Any CPU
		{51292354-B617-4E95-9721-CE57DB5AF1AD}.Debug|Any CPU.ActiveCfg = Debug|Any CPU
		{51292354-B617-4E95-9721-CE57DB5AF1AD}.Debug|Any CPU.Build.0 = Debug|Any CPU
		{51292354-B617-4E95-9721-CE57DB5AF1AD}.Release|Any CPU.ActiveCfg = Release|Any CPU
		{51292354-B617-4E95-9721-CE57DB5AF1AD}.Release|Any CPU.Build.0 = Release|Any CPU
		{0B9B1977-87F4-45E7-A760-CC5FDEBA39AE}.Debug|Any CPU.ActiveCfg = Debug|Any CPU
		{0B9B1977-87F4-45E7-A760-CC5FDEBA39AE}.Debug|Any CPU.Build.0 = Debug|Any CPU
		{0B9B1977-87F4-45E7-A760-CC5FDEBA39AE}.Release|Any CPU.ActiveCfg = Release|Any CPU
		{0B9B1977-87F4-45E7-A760-CC5FDEBA39AE}.Release|Any CPU.Build.0 = Release|Any CPU
	EndGlobalSection
	GlobalSection(SolutionProperties) = preSolution
		HideSolutionNode = FALSE
	EndGlobalSection
	GlobalSection(ExtensibilityGlobals) = postSolution
		SolutionGuid = {146C6767-53C9-48F6-9C4A-88DCE57687D0}
	EndGlobalSection
EndGlobal
